
Microsoft Visual Studio Solution File, Format Version 12.00
# Visual Studio Version 17
VisualStudioVersion = 17.0.32112.339
MinimumVisualStudioVersion = 10.0.40219.1
Project("{FAE04EC0-301F-11D3-BF4B-00C04F79EFBC}") = "Part-PartnerAPI", "Part-PartnerAPI\Part-PartnerAPI.csproj", "{BC058A1F-7B27-43E1-A0ED-4B3587857A59}"
EndProject
Project("{54A90642-561A-4BB1-A94E-469ADEE60C69}") = "Part-PartnerClient", "Part-PartnerClient\Part-PartnerClient.esproj", "{B5CCE1BA-9010-409C-AC17-991297DBF5D9}"
EndProject
Global
	GlobalSection(SolutionConfigurationPlatforms) = preSolution
		Debug|Any CPU = Debug|Any CPU
		Release|Any CPU = Release|Any CPU
	EndGlobalSection
	GlobalSection(ProjectConfigurationPlatforms) = postSolution
		{BC058A1F-7B27-43E1-A0ED-4B3587857A59}.Debug|Any CPU.ActiveCfg = Debug|Any CPU
		{BC058A1F-7B27-43E1-A0ED-4B3587857A59}.Debug|Any CPU.Build.0 = Debug|Any CPU
		{BC058A1F-7B27-43E1-A0ED-4B3587857A59}.Release|Any CPU.ActiveCfg = Release|Any CPU
		{BC058A1F-7B27-43E1-A0ED-4B3587857A59}.Release|Any CPU.Build.0 = Release|Any CPU
		{B5CCE1BA-9010-409C-AC17-991297DBF5D9}.Debug|Any CPU.ActiveCfg = Debug|Any CPU
		{B5CCE1BA-9010-409C-AC17-991297DBF5D9}.Debug|Any CPU.Build.0 = Debug|Any CPU
		{B5CCE1BA-9010-409C-AC17-991297DBF5D9}.Debug|Any CPU.Deploy.0 = Debug|Any CPU
		{B5CCE1BA-9010-409C-AC17-991297DBF5D9}.Release|Any CPU.ActiveCfg = Release|Any CPU
		{B5CCE1BA-9010-409C-AC17-991297DBF5D9}.Release|Any CPU.Build.0 = Release|Any CPU
		{B5CCE1BA-9010-409C-AC17-991297DBF5D9}.Release|Any CPU.Deploy.0 = Release|Any CPU
	EndGlobalSection
	GlobalSection(SolutionProperties) = preSolution
		HideSolutionNode = FALSE
	EndGlobalSection
	GlobalSection(ExtensibilityGlobals) = postSolution
		SolutionGuid = {16C785D6-8EDA-4661-B322-D57C856C3BDD}
	EndGlobalSection
EndGlobal
